
Microsoft Visual Studio Solution File, Format Version 12.00
# Visual Studio Version 16
VisualStudioVersion = 16.0.31105.61
MinimumVisualStudioVersion = 10.0.40219.1
Project("{888888A0-9F3D-457C-B088-3A5042F75D52}") = "Network Checker", "Network Checker.pyproj", "{4ABD018C-C8EA-44E8-ACF8-764BB1D66079}"
EndProject
Global
	GlobalSection(SolutionConfigurationPlatforms) = preSolution
		Debug|Any CPU = Debug|Any CPU
		Release|Any CPU = Release|Any CPU
	EndGlobalSection
	GlobalSection(ProjectConfigurationPlatforms) = postSolution
		{4ABD018C-C8EA-44E8-ACF8-764BB1D66079}.Debug|Any CPU.ActiveCfg = Debug|Any CPU
		{4ABD018C-C8EA-44E8-ACF8-764BB1D66079}.Release|Any CPU.ActiveCfg = Release|Any CPU
	EndGlobalSection
	GlobalSection(SolutionProperties) = preSolution
		HideSolutionNode = FALSE
	EndGlobalSection
	GlobalSection(ExtensibilityGlobals) = postSolution
		SolutionGuid = {7C5C35BC-628E-4479-B5F8-4998081500CE}
	EndGlobalSection
EndGlobal
